
Microsoft Visual Studio Solution File, Format Version 12.00
# Visual Studio 15
VisualStudioVersion = 15.0.28307.2017
MinimumVisualStudioVersion = 10.0.40219.1
Project("{FAE04EC0-301F-11D3-BF4B-00C04F79EFBC}") = "skaner", "skaner\skaner.csproj", "{6EAF8D98-05B2-4C8D-81CB-F4D328E9327A}"
EndProject
Global
	GlobalSection(SolutionConfigurationPlatforms) = preSolution
		Debug|Any CPU = Debug|Any CPU
		Release|Any CPU = Release|Any CPU
	EndGlobalSection
	GlobalSection(ProjectConfigurationPlatforms) = postSolution
		{6EAF8D98-05B2-4C8D-81CB-F4D328E9327A}.Debug|Any CPU.ActiveCfg = Debug|Any CPU
		{6EAF8D98-05B2-4C8D-81CB-F4D328E9327A}.Debug|Any CPU.Build.0 = Debug|Any CPU
		{6EAF8D98-05B2-4C8D-81CB-F4D328E9327A}.Release|Any CPU.ActiveCfg = Release|Any CPU
		{6EAF8D98-05B2-4C8D-81CB-F4D328E9327A}.Release|Any CPU.Build.0 = Release|Any CPU
	EndGlobalSection
	GlobalSection(SolutionProperties) = preSolution
		HideSolutionNode = FALSE
	EndGlobalSection
	GlobalSection(ExtensibilityGlobals) = postSolution
		SolutionGuid = {CB81E651-D31A-4353-87C2-AC1DD585244B}
	EndGlobalSection
EndGlobal
