
Microsoft Visual Studio Solution File, Format Version 12.00
# Visual Studio 15
VisualStudioVersion = 15.0.34031.82
MinimumVisualStudioVersion = 10.0.40219.1
Project("{FAE04EC0-301F-11D3-BF4B-00C04F79EFBC}") = "SoundCard", "WindowsFormsApp17\SoundCard.csproj", "{B177278D-AC7B-4145-B93C-C48E941EC797}"
EndProject
Global
	GlobalSection(SolutionConfigurationPlatforms) = preSolution
		Debug|Any CPU = Debug|Any CPU
		Release|Any CPU = Release|Any CPU
	EndGlobalSection
	GlobalSection(ProjectConfigurationPlatforms) = postSolution
		{B177278D-AC7B-4145-B93C-C48E941EC797}.Debug|Any CPU.ActiveCfg = Debug|Any CPU
		{B177278D-AC7B-4145-B93C-C48E941EC797}.Debug|Any CPU.Build.0 = Debug|Any CPU
		{B177278D-AC7B-4145-B93C-C48E941EC797}.Release|Any CPU.ActiveCfg = Release|Any CPU
		{B177278D-AC7B-4145-B93C-C48E941EC797}.Release|Any CPU.Build.0 = Release|Any CPU
	EndGlobalSection
	GlobalSection(SolutionProperties) = preSolution
		HideSolutionNode = FALSE
	EndGlobalSection
	GlobalSection(ExtensibilityGlobals) = postSolution
		SolutionGuid = {CD6C6863-09B0-482C-94AC-E1692A9F99F0}
	EndGlobalSection
EndGlobal
