
Microsoft Visual Studio Solution File, Format Version 12.00
# Visual Studio 15
VisualStudioVersion = 15.0.34031.82
MinimumVisualStudioVersion = 10.0.40219.1
Project("{FAE04EC0-301F-11D3-BF4B-00C04F79EFBC}") = "Modemki", "Modemki\Modemki.csproj", "{7005F80B-CA8D-4347-B008-48CBCEBF771C}"
EndProject
Global
	GlobalSection(SolutionConfigurationPlatforms) = preSolution
		Debug|Any CPU = Debug|Any CPU
		Release|Any CPU = Release|Any CPU
	EndGlobalSection
	GlobalSection(ProjectConfigurationPlatforms) = postSolution
		{7005F80B-CA8D-4347-B008-48CBCEBF771C}.Debug|Any CPU.ActiveCfg = Debug|Any CPU
		{7005F80B-CA8D-4347-B008-48CBCEBF771C}.Debug|Any CPU.Build.0 = Debug|Any CPU
		{7005F80B-CA8D-4347-B008-48CBCEBF771C}.Release|Any CPU.ActiveCfg = Release|Any CPU
		{7005F80B-CA8D-4347-B008-48CBCEBF771C}.Release|Any CPU.Build.0 = Release|Any CPU
	EndGlobalSection
	GlobalSection(SolutionProperties) = preSolution
		HideSolutionNode = FALSE
	EndGlobalSection
	GlobalSection(ExtensibilityGlobals) = postSolution
		SolutionGuid = {A734C545-D4E1-4AF3-B99F-8157DB6255E8}
	EndGlobalSection
EndGlobal
